
Microsoft Visual Studio Solution File, Format Version 12.00
# Visual Studio Version 17
VisualStudioVersion = 17.0.31903.59
MinimumVisualStudioVersion = 10.0.40219.1
Project("{FAE04EC0-301F-11D3-BF4B-00C04F79EFBC}") = "IntCollections", "IntCollections\IntCollections.csproj", "{49D25CF5-1300-499B-803C-00943E2D29F1}"
EndProject
Project("{FAE04EC0-301F-11D3-BF4B-00C04F79EFBC}") = "EqualPlayer", "EqualPlayer\EqualPlayer.csproj", "{89FABFDE-6F1A-41EA-B323-6A71B70AC192}"
EndProject
Project("{FAE04EC0-301F-11D3-BF4B-00C04F79EFBC}") = "FilePower1", "FilePower1\FilePower1.csproj", "{8A8EAA72-A0CA-4761-A73C-71ADBD6AD24F}"
EndProject
Project("{FAE04EC0-301F-11D3-BF4B-00C04F79EFBC}") = "FilePower2", "FilePower2\FilePower2.csproj", "{31529A40-FBC7-44AA-A8C8-3E6CCCCAFAB0}"
EndProject
Project("{FAE04EC0-301F-11D3-BF4B-00C04F79EFBC}") = "IntGrouper", "IntGrouper\IntGrouper.csproj", "{F2FDF10E-703D-4F30-840A-DBA1D382EB39}"
EndProject
Global
	GlobalSection(SolutionConfigurationPlatforms) = preSolution
		Debug|Any CPU = Debug|Any CPU
		Release|Any CPU = Release|Any CPU
	EndGlobalSection
	GlobalSection(SolutionProperties) = preSolution
		HideSolutionNode = FALSE
	EndGlobalSection
	GlobalSection(ProjectConfigurationPlatforms) = postSolution
		{49D25CF5-1300-499B-803C-00943E2D29F1}.Debug|Any CPU.ActiveCfg = Debug|Any CPU
		{49D25CF5-1300-499B-803C-00943E2D29F1}.Debug|Any CPU.Build.0 = Debug|Any CPU
		{49D25CF5-1300-499B-803C-00943E2D29F1}.Release|Any CPU.ActiveCfg = Release|Any CPU
		{49D25CF5-1300-499B-803C-00943E2D29F1}.Release|Any CPU.Build.0 = Release|Any CPU
		{89FABFDE-6F1A-41EA-B323-6A71B70AC192}.Debug|Any CPU.ActiveCfg = Debug|Any CPU
		{89FABFDE-6F1A-41EA-B323-6A71B70AC192}.Debug|Any CPU.Build.0 = Debug|Any CPU
		{89FABFDE-6F1A-41EA-B323-6A71B70AC192}.Release|Any CPU.ActiveCfg = Release|Any CPU
		{89FABFDE-6F1A-41EA-B323-6A71B70AC192}.Release|Any CPU.Build.0 = Release|Any CPU
		{8A8EAA72-A0CA-4761-A73C-71ADBD6AD24F}.Debug|Any CPU.ActiveCfg = Debug|Any CPU
		{8A8EAA72-A0CA-4761-A73C-71ADBD6AD24F}.Debug|Any CPU.Build.0 = Debug|Any CPU
		{8A8EAA72-A0CA-4761-A73C-71ADBD6AD24F}.Release|Any CPU.ActiveCfg = Release|Any CPU
		{8A8EAA72-A0CA-4761-A73C-71ADBD6AD24F}.Release|Any CPU.Build.0 = Release|Any CPU
		{31529A40-FBC7-44AA-A8C8-3E6CCCCAFAB0}.Debug|Any CPU.ActiveCfg = Debug|Any CPU
		{31529A40-FBC7-44AA-A8C8-3E6CCCCAFAB0}.Debug|Any CPU.Build.0 = Debug|Any CPU
		{31529A40-FBC7-44AA-A8C8-3E6CCCCAFAB0}.Release|Any CPU.ActiveCfg = Release|Any CPU
		{31529A40-FBC7-44AA-A8C8-3E6CCCCAFAB0}.Release|Any CPU.Build.0 = Release|Any CPU
		{F2FDF10E-703D-4F30-840A-DBA1D382EB39}.Debug|Any CPU.ActiveCfg = Debug|Any CPU
		{F2FDF10E-703D-4F30-840A-DBA1D382EB39}.Debug|Any CPU.Build.0 = Debug|Any CPU
		{F2FDF10E-703D-4F30-840A-DBA1D382EB39}.Release|Any CPU.ActiveCfg = Release|Any CPU
		{F2FDF10E-703D-4F30-840A-DBA1D382EB39}.Release|Any CPU.Build.0 = Release|Any CPU
	EndGlobalSection
EndGlobal
