Microsoft Visual Studio Solution File, Format Version 12.00
# Visual Studio Version 17
VisualStudioVersion = 17.5.2.0
MinimumVisualStudioVersion = 10.0.40219.1
Project("{FAE04EC0-301F-11D3-BF4B-00C04F79EFBC}") = "FilePower2", "FilePower2.csproj", "{6B3AB87D-9BDB-96CE-80A7-56A630DBFA1D}"
EndProject
Global
	GlobalSection(SolutionConfigurationPlatforms) = preSolution
		Debug|Any CPU = Debug|Any CPU
		Release|Any CPU = Release|Any CPU
	EndGlobalSection
	GlobalSection(ProjectConfigurationPlatforms) = postSolution
		{6B3AB87D-9BDB-96CE-80A7-56A630DBFA1D}.Debug|Any CPU.ActiveCfg = Debug|Any CPU
		{6B3AB87D-9BDB-96CE-80A7-56A630DBFA1D}.Debug|Any CPU.Build.0 = Debug|Any CPU
		{6B3AB87D-9BDB-96CE-80A7-56A630DBFA1D}.Release|Any CPU.ActiveCfg = Release|Any CPU
		{6B3AB87D-9BDB-96CE-80A7-56A630DBFA1D}.Release|Any CPU.Build.0 = Release|Any CPU
	EndGlobalSection
	GlobalSection(SolutionProperties) = preSolution
		HideSolutionNode = FALSE
	EndGlobalSection
	GlobalSection(ExtensibilityGlobals) = postSolution
		SolutionGuid = {E6BD64C3-E4D3-4E0C-85C9-C961601D5459}
	EndGlobalSection
EndGlobal
