Microsoft Visual Studio Solution File, Format Version 12.00
# Visual Studio Version 17
VisualStudioVersion = 17.5.2.0
MinimumVisualStudioVersion = 10.0.40219.1
Project("{FAE04EC0-301F-11D3-BF4B-00C04F79EFBC}") = "FilePower1", "FilePower1.csproj", "{CBC2EA30-11C4-B54A-1CE4-8483E94893A0}"
EndProject
Global
	GlobalSection(SolutionConfigurationPlatforms) = preSolution
		Debug|Any CPU = Debug|Any CPU
		Release|Any CPU = Release|Any CPU
	EndGlobalSection
	GlobalSection(ProjectConfigurationPlatforms) = postSolution
		{CBC2EA30-11C4-B54A-1CE4-8483E94893A0}.Debug|Any CPU.ActiveCfg = Debug|Any CPU
		{CBC2EA30-11C4-B54A-1CE4-8483E94893A0}.Debug|Any CPU.Build.0 = Debug|Any CPU
		{CBC2EA30-11C4-B54A-1CE4-8483E94893A0}.Release|Any CPU.ActiveCfg = Release|Any CPU
		{CBC2EA30-11C4-B54A-1CE4-8483E94893A0}.Release|Any CPU.Build.0 = Release|Any CPU
	EndGlobalSection
	GlobalSection(SolutionProperties) = preSolution
		HideSolutionNode = FALSE
	EndGlobalSection
	GlobalSection(ExtensibilityGlobals) = postSolution
		SolutionGuid = {AAF5A5BE-D391-49F9-AD33-8244994D533C}
	EndGlobalSection
EndGlobal
